github.com/hard-shutdown/xmezum v0.0.0-20221019154415-1cc66684b7e2 h1:wt8/ePecKmEkdEP18SQML+I4jT0RgY2ELfyTXfb71yc=
github.com/hard-shutdown/xmezum v0.0.0-20221019154415-1cc66684b7e2/go.mod h1:VPrawJp1M32Y1vEoALZ5bIblvQsh6n2H1JnTPVTdnR8=
github.com/karrick/godirwalk v1.17.0 h1:b4kY7nqDdioR/6qnbHQyDvmA17u5G1cZ6J+CZXwSWoI=
github.com/karrick/godirwalk v1.17.0/go.mod h1:j4mkqPuvaLI8mp1DroR3P6ad7cyYd4c1qeJ3RV7ULlk=
